
Microsoft Visual Studio Solution File, Format Version 12.00
# Visual Studio Version 17
VisualStudioVersion = 17.0.32112.339
MinimumVisualStudioVersion = 10.0.40219.1
Project("{FAE04EC0-301F-11D3-BF4B-00C04F79EFBC}") = "Ejercicios", "Ejercicios\Ejercicios.csproj", "{BC7EF719-1F99-4A99-BC65-826A88B63609}"
EndProject
Global
	GlobalSection(SolutionConfigurationPlatforms) = preSolution
		Debug|Any CPU = Debug|Any CPU
		Release|Any CPU = Release|Any CPU
	EndGlobalSection
	GlobalSection(ProjectConfigurationPlatforms) = postSolution
		{BC7EF719-1F99-4A99-BC65-826A88B63609}.Debug|Any CPU.ActiveCfg = Debug|Any CPU
		{BC7EF719-1F99-4A99-BC65-826A88B63609}.Debug|Any CPU.Build.0 = Debug|Any CPU
		{BC7EF719-1F99-4A99-BC65-826A88B63609}.Release|Any CPU.ActiveCfg = Release|Any CPU
		{BC7EF719-1F99-4A99-BC65-826A88B63609}.Release|Any CPU.Build.0 = Release|Any CPU
	EndGlobalSection
	GlobalSection(SolutionProperties) = preSolution
		HideSolutionNode = FALSE
	EndGlobalSection
	GlobalSection(ExtensibilityGlobals) = postSolution
		SolutionGuid = {20C3462A-3F06-454A-93E1-739412DD4DF9}
	EndGlobalSection
EndGlobal
