
Microsoft Visual Studio Solution File, Format Version 12.00
# Visual Studio Version 17
VisualStudioVersion = 17.0.32112.339
MinimumVisualStudioVersion = 10.0.40219.1
Project("{FAE04EC0-301F-11D3-BF4B-00C04F79EFBC}") = "TALLER 3", "TALLER 3\TALLER 3.csproj", "{5350A01B-2571-4609-9A6E-47376D0BA3C5}"
EndProject
Global
	GlobalSection(SolutionConfigurationPlatforms) = preSolution
		Debug|Any CPU = Debug|Any CPU
		Release|Any CPU = Release|Any CPU
	EndGlobalSection
	GlobalSection(ProjectConfigurationPlatforms) = postSolution
		{5350A01B-2571-4609-9A6E-47376D0BA3C5}.Debug|Any CPU.ActiveCfg = Debug|Any CPU
		{5350A01B-2571-4609-9A6E-47376D0BA3C5}.Debug|Any CPU.Build.0 = Debug|Any CPU
		{5350A01B-2571-4609-9A6E-47376D0BA3C5}.Release|Any CPU.ActiveCfg = Release|Any CPU
		{5350A01B-2571-4609-9A6E-47376D0BA3C5}.Release|Any CPU.Build.0 = Release|Any CPU
	EndGlobalSection
	GlobalSection(SolutionProperties) = preSolution
		HideSolutionNode = FALSE
	EndGlobalSection
	GlobalSection(ExtensibilityGlobals) = postSolution
		SolutionGuid = {B6F90BAA-CAF9-404D-A676-74B647739FC6}
	EndGlobalSection
EndGlobal
